
Microsoft Visual Studio Solution File, Format Version 12.00
# Visual Studio Version 17
VisualStudioVersion = 17.2.32630.192
MinimumVisualStudioVersion = 10.0.40219.1
Project("{FAE04EC0-301F-11D3-BF4B-00C04F79EFBC}") = "M02-Grundlagen", "HalloWelt\M02-Grundlagen.csproj", "{9D6F4F7D-5F7A-4529-94D7-B56FE51456B4}"
EndProject
Project("{FAE04EC0-301F-11D3-BF4B-00C04F79EFBC}") = "L02_Geschwindigkeitsrechner", "L02_Geschwindigkeitsrechner\L02_Geschwindigkeitsrechner.csproj", "{CECE9283-2169-4FA8-B62E-BA7C3ADFA65A}"
EndProject
Global
	GlobalSection(SolutionConfigurationPlatforms) = preSolution
		Debug|Any CPU = Debug|Any CPU
		Release|Any CPU = Release|Any CPU
	EndGlobalSection
	GlobalSection(ProjectConfigurationPlatforms) = postSolution
		{9D6F4F7D-5F7A-4529-94D7-B56FE51456B4}.Debug|Any CPU.ActiveCfg = Debug|Any CPU
		{9D6F4F7D-5F7A-4529-94D7-B56FE51456B4}.Debug|Any CPU.Build.0 = Debug|Any CPU
		{9D6F4F7D-5F7A-4529-94D7-B56FE51456B4}.Release|Any CPU.ActiveCfg = Release|Any CPU
		{9D6F4F7D-5F7A-4529-94D7-B56FE51456B4}.Release|Any CPU.Build.0 = Release|Any CPU
		{CECE9283-2169-4FA8-B62E-BA7C3ADFA65A}.Debug|Any CPU.ActiveCfg = Debug|Any CPU
		{CECE9283-2169-4FA8-B62E-BA7C3ADFA65A}.Debug|Any CPU.Build.0 = Debug|Any CPU
		{CECE9283-2169-4FA8-B62E-BA7C3ADFA65A}.Release|Any CPU.ActiveCfg = Release|Any CPU
		{CECE9283-2169-4FA8-B62E-BA7C3ADFA65A}.Release|Any CPU.Build.0 = Release|Any CPU
	EndGlobalSection
	GlobalSection(SolutionProperties) = preSolution
		HideSolutionNode = FALSE
	EndGlobalSection
	GlobalSection(ExtensibilityGlobals) = postSolution
		SolutionGuid = {FCDFCD1A-D9C5-4460-9BC4-3EDD4A0D38A6}
	EndGlobalSection
EndGlobal
