
Microsoft Visual Studio Solution File, Format Version 12.00
# Visual Studio Version 17
VisualStudioVersion = 17.2.32630.192
MinimumVisualStudioVersion = 10.0.40219.1
Project("{9A19103F-16F7-4668-BE54-9A1E7A4F7556}") = "L02_Geschwindigkeitsrechner", "L02_Geschwindigkeitsrechner\L02_Geschwindigkeitsrechner.csproj", "{CECE9283-2169-4FA8-B62E-BA7C3ADFA65A}"
EndProject
Project("{9A19103F-16F7-4668-BE54-9A1E7A4F7556}") = "M02_Grundlagen", "M02_Grundlagen\M02_Grundlagen.csproj", "{BFF00BF3-89CC-48C6-B288-976A60FA07DF}"
EndProject
Project("{9A19103F-16F7-4668-BE54-9A1E7A4F7556}") = "M03_Arrays_Bedingungen", "M03_Arrays_Bedingungen\M03_Arrays_Bedingungen.csproj", "{8362798B-526F-4DB1-9018-3788957A3B91}"
EndProject
Project("{9A19103F-16F7-4668-BE54-9A1E7A4F7556}") = "L03_Schaltjahrrechner_Minilotto", "L03_Schaltjahrrechner_Minilotto\L03_Schaltjahrrechner_Minilotto.csproj", "{973FAE48-7F9A-4FE6-9232-49441B38AC72}"
EndProject
Project("{9A19103F-16F7-4668-BE54-9A1E7A4F7556}") = "M04_Schleifen_Enums", "M04_Schleifen_Enums\M04_Schleifen_Enums.csproj", "{F99E1339-63D4-4AE9-A13B-8CCCAC636C9A}"
EndProject
Project("{9A19103F-16F7-4668-BE54-9A1E7A4F7556}") = "L04_Taschenrechner", "L04_Taschenrechner\L04_Taschenrechner.csproj", "{2A7FB709-4EC3-4E50-8D0F-7817F82B09E0}"
EndProject
Project("{9A19103F-16F7-4668-BE54-9A1E7A4F7556}") = "L06f_Fahrzeugpark", "L06f_Fahrzeugpark\L06f_Fahrzeugpark.csproj", "{B9FD3840-653D-4835-B960-883733DC1EB7}"
EndProject
Project("{9A19103F-16F7-4668-BE54-9A1E7A4F7556}") = "M05_Funktionen", "M05_Funktionen\M05_Funktionen.csproj", "{A81FDF30-E241-407A-9DF3-EA0EFE297C35}"
EndProject
Project("{9A19103F-16F7-4668-BE54-9A1E7A4F7556}") = "M06f_Klassenbibliothek_Beispiel", "M06f_Klassenbibliothek_Beispiel\M06f_Klassenbibliothek_Beispiel.csproj", "{41CE086C-7CC6-4171-8457-CFAC8BC6F668}"
EndProject
Project("{9A19103F-16F7-4668-BE54-9A1E7A4F7556}") = "M07_WerteVSReferenzen", "M07_WerteVSReferenzen\M07_WerteVSReferenzen.csproj", "{E43910AB-3BC9-4F55-848B-DDCCE7B9F2EE}"
EndProject
Project("{9A19103F-16F7-4668-BE54-9A1E7A4F7556}") = "M06f_TesteFahrzeugpark", "ML06f_TesteFahrzeugpark\M06f_TesteFahrzeugpark.csproj", "{E150B449-C558-40CC-A260-BBF87CEDFE07}"
EndProject
Project("{9A19103F-16F7-4668-BE54-9A1E7A4F7556}") = "L14_FahrzeugVerwaltung", "L14_FahrzeugVerwaltung\L14_FahrzeugVerwaltung.csproj", "{3E80BA0C-77BE-4E16-B814-D1BA79672931}"
EndProject
Project("{9A19103F-16F7-4668-BE54-9A1E7A4F7556}") = "M12_ExceptionHandling", "M12_ExceptionHandling\M12_ExceptionHandling.csproj", "{FD9EA3E4-1957-4C9D-9D07-9DDF09E66392}"
EndProject
Project("{9A19103F-16F7-4668-BE54-9A1E7A4F7556}") = "M12_UnitTest", "M12_UnitTest\M12_UnitTest.csproj", "{AE98C3CD-28C1-4CBB-95ED-F5CC38FB365B}"
EndProject
Project("{9A19103F-16F7-4668-BE54-9A1E7A4F7556}") = "L12_ExceptionLab", "L12_ExceptionLab\L12_ExceptionLab.csproj", "{7C401607-9236-4040-960B-4C8F08B09818}"
EndProject
Project("{9A19103F-16F7-4668-BE54-9A1E7A4F7556}") = "M15_Dateizugriff", "M15_Dateizugriff\M15_Dateizugriff.csproj", "{B132DA8C-EC12-4DE9-B779-562E740B6FCB}"
EndProject
Project("{9A19103F-16F7-4668-BE54-9A1E7A4F7556}") = "M14_WinFormsBsp", "M14_WinFormsBsp\M14_WinFormsBsp.csproj", "{AD2480D0-B701-46FD-95D0-95C99431549A}"
EndProject
Project("{9A19103F-16F7-4668-BE54-9A1E7A4F7556}") = "M13_Delegates", "M13_Delegates\M13_Delegates.csproj", "{90ECCFEB-F154-4170-90AB-A45A9ED081E1}"
EndProject
Global
	GlobalSection(SolutionConfigurationPlatforms) = preSolution
		Debug|Any CPU = Debug|Any CPU
		Release|Any CPU = Release|Any CPU
	EndGlobalSection
	GlobalSection(ProjectConfigurationPlatforms) = postSolution
		{CECE9283-2169-4FA8-B62E-BA7C3ADFA65A}.Debug|Any CPU.ActiveCfg = Debug|Any CPU
		{CECE9283-2169-4FA8-B62E-BA7C3ADFA65A}.Debug|Any CPU.Build.0 = Debug|Any CPU
		{CECE9283-2169-4FA8-B62E-BA7C3ADFA65A}.Release|Any CPU.ActiveCfg = Release|Any CPU
		{CECE9283-2169-4FA8-B62E-BA7C3ADFA65A}.Release|Any CPU.Build.0 = Release|Any CPU
		{BFF00BF3-89CC-48C6-B288-976A60FA07DF}.Debug|Any CPU.ActiveCfg = Debug|Any CPU
		{BFF00BF3-89CC-48C6-B288-976A60FA07DF}.Debug|Any CPU.Build.0 = Debug|Any CPU
		{BFF00BF3-89CC-48C6-B288-976A60FA07DF}.Release|Any CPU.ActiveCfg = Release|Any CPU
		{BFF00BF3-89CC-48C6-B288-976A60FA07DF}.Release|Any CPU.Build.0 = Release|Any CPU
		{8362798B-526F-4DB1-9018-3788957A3B91}.Debug|Any CPU.ActiveCfg = Debug|Any CPU
		{8362798B-526F-4DB1-9018-3788957A3B91}.Debug|Any CPU.Build.0 = Debug|Any CPU
		{8362798B-526F-4DB1-9018-3788957A3B91}.Release|Any CPU.ActiveCfg = Release|Any CPU
		{8362798B-526F-4DB1-9018-3788957A3B91}.Release|Any CPU.Build.0 = Release|Any CPU
		{973FAE48-7F9A-4FE6-9232-49441B38AC72}.Debug|Any CPU.ActiveCfg = Debug|Any CPU
		{973FAE48-7F9A-4FE6-9232-49441B38AC72}.Debug|Any CPU.Build.0 = Debug|Any CPU
		{973FAE48-7F9A-4FE6-9232-49441B38AC72}.Release|Any CPU.ActiveCfg = Release|Any CPU
		{973FAE48-7F9A-4FE6-9232-49441B38AC72}.Release|Any CPU.Build.0 = Release|Any CPU
		{F99E1339-63D4-4AE9-A13B-8CCCAC636C9A}.Debug|Any CPU.ActiveCfg = Debug|Any CPU
		{F99E1339-63D4-4AE9-A13B-8CCCAC636C9A}.Debug|Any CPU.Build.0 = Debug|Any CPU
		{F99E1339-63D4-4AE9-A13B-8CCCAC636C9A}.Release|Any CPU.ActiveCfg = Release|Any CPU
		{F99E1339-63D4-4AE9-A13B-8CCCAC636C9A}.Release|Any CPU.Build.0 = Release|Any CPU
		{2A7FB709-4EC3-4E50-8D0F-7817F82B09E0}.Debug|Any CPU.ActiveCfg = Debug|Any CPU
		{2A7FB709-4EC3-4E50-8D0F-7817F82B09E0}.Debug|Any CPU.Build.0 = Debug|Any CPU
		{2A7FB709-4EC3-4E50-8D0F-7817F82B09E0}.Release|Any CPU.ActiveCfg = Release|Any CPU
		{2A7FB709-4EC3-4E50-8D0F-7817F82B09E0}.Release|Any CPU.Build.0 = Release|Any CPU
		{B9FD3840-653D-4835-B960-883733DC1EB7}.Debug|Any CPU.ActiveCfg = Debug|Any CPU
		{B9FD3840-653D-4835-B960-883733DC1EB7}.Debug|Any CPU.Build.0 = Debug|Any CPU
		{B9FD3840-653D-4835-B960-883733DC1EB7}.Release|Any CPU.ActiveCfg = Release|Any CPU
		{B9FD3840-653D-4835-B960-883733DC1EB7}.Release|Any CPU.Build.0 = Release|Any CPU
		{A81FDF30-E241-407A-9DF3-EA0EFE297C35}.Debug|Any CPU.ActiveCfg = Debug|Any CPU
		{A81FDF30-E241-407A-9DF3-EA0EFE297C35}.Debug|Any CPU.Build.0 = Debug|Any CPU
		{A81FDF30-E241-407A-9DF3-EA0EFE297C35}.Release|Any CPU.ActiveCfg = Release|Any CPU
		{A81FDF30-E241-407A-9DF3-EA0EFE297C35}.Release|Any CPU.Build.0 = Release|Any CPU
		{41CE086C-7CC6-4171-8457-CFAC8BC6F668}.Debug|Any CPU.ActiveCfg = Debug|Any CPU
		{41CE086C-7CC6-4171-8457-CFAC8BC6F668}.Debug|Any CPU.Build.0 = Debug|Any CPU
		{41CE086C-7CC6-4171-8457-CFAC8BC6F668}.Release|Any CPU.ActiveCfg = Release|Any CPU
		{41CE086C-7CC6-4171-8457-CFAC8BC6F668}.Release|Any CPU.Build.0 = Release|Any CPU
		{E43910AB-3BC9-4F55-848B-DDCCE7B9F2EE}.Debug|Any CPU.ActiveCfg = Debug|Any CPU
		{E43910AB-3BC9-4F55-848B-DDCCE7B9F2EE}.Debug|Any CPU.Build.0 = Debug|Any CPU
		{E43910AB-3BC9-4F55-848B-DDCCE7B9F2EE}.Release|Any CPU.ActiveCfg = Release|Any CPU
		{E43910AB-3BC9-4F55-848B-DDCCE7B9F2EE}.Release|Any CPU.Build.0 = Release|Any CPU
		{E150B449-C558-40CC-A260-BBF87CEDFE07}.Debug|Any CPU.ActiveCfg = Debug|Any CPU
		{E150B449-C558-40CC-A260-BBF87CEDFE07}.Debug|Any CPU.Build.0 = Debug|Any CPU
		{E150B449-C558-40CC-A260-BBF87CEDFE07}.Release|Any CPU.ActiveCfg = Release|Any CPU
		{E150B449-C558-40CC-A260-BBF87CEDFE07}.Release|Any CPU.Build.0 = Release|Any CPU
		{3E80BA0C-77BE-4E16-B814-D1BA79672931}.Debug|Any CPU.ActiveCfg = Debug|Any CPU
		{3E80BA0C-77BE-4E16-B814-D1BA79672931}.Debug|Any CPU.Build.0 = Debug|Any CPU
		{3E80BA0C-77BE-4E16-B814-D1BA79672931}.Release|Any CPU.ActiveCfg = Release|Any CPU
		{3E80BA0C-77BE-4E16-B814-D1BA79672931}.Release|Any CPU.Build.0 = Release|Any CPU
		{FD9EA3E4-1957-4C9D-9D07-9DDF09E66392}.Debug|Any CPU.ActiveCfg = Debug|Any CPU
		{FD9EA3E4-1957-4C9D-9D07-9DDF09E66392}.Debug|Any CPU.Build.0 = Debug|Any CPU
		{FD9EA3E4-1957-4C9D-9D07-9DDF09E66392}.Release|Any CPU.ActiveCfg = Release|Any CPU
		{FD9EA3E4-1957-4C9D-9D07-9DDF09E66392}.Release|Any CPU.Build.0 = Release|Any CPU
		{AE98C3CD-28C1-4CBB-95ED-F5CC38FB365B}.Debug|Any CPU.ActiveCfg = Debug|Any CPU
		{AE98C3CD-28C1-4CBB-95ED-F5CC38FB365B}.Debug|Any CPU.Build.0 = Debug|Any CPU
		{AE98C3CD-28C1-4CBB-95ED-F5CC38FB365B}.Release|Any CPU.ActiveCfg = Release|Any CPU
		{AE98C3CD-28C1-4CBB-95ED-F5CC38FB365B}.Release|Any CPU.Build.0 = Release|Any CPU
		{7C401607-9236-4040-960B-4C8F08B09818}.Debug|Any CPU.ActiveCfg = Debug|Any CPU
		{7C401607-9236-4040-960B-4C8F08B09818}.Debug|Any CPU.Build.0 = Debug|Any CPU
		{7C401607-9236-4040-960B-4C8F08B09818}.Release|Any CPU.ActiveCfg = Release|Any CPU
		{7C401607-9236-4040-960B-4C8F08B09818}.Release|Any CPU.Build.0 = Release|Any CPU
		{B132DA8C-EC12-4DE9-B779-562E740B6FCB}.Debug|Any CPU.ActiveCfg = Debug|Any CPU
		{B132DA8C-EC12-4DE9-B779-562E740B6FCB}.Debug|Any CPU.Build.0 = Debug|Any CPU
		{B132DA8C-EC12-4DE9-B779-562E740B6FCB}.Release|Any CPU.ActiveCfg = Release|Any CPU
		{B132DA8C-EC12-4DE9-B779-562E740B6FCB}.Release|Any CPU.Build.0 = Release|Any CPU
		{AD2480D0-B701-46FD-95D0-95C99431549A}.Debug|Any CPU.ActiveCfg = Debug|Any CPU
		{AD2480D0-B701-46FD-95D0-95C99431549A}.Debug|Any CPU.Build.0 = Debug|Any CPU
		{AD2480D0-B701-46FD-95D0-95C99431549A}.Release|Any CPU.ActiveCfg = Release|Any CPU
		{AD2480D0-B701-46FD-95D0-95C99431549A}.Release|Any CPU.Build.0 = Release|Any CPU
		{90ECCFEB-F154-4170-90AB-A45A9ED081E1}.Debug|Any CPU.ActiveCfg = Debug|Any CPU
		{90ECCFEB-F154-4170-90AB-A45A9ED081E1}.Debug|Any CPU.Build.0 = Debug|Any CPU
		{90ECCFEB-F154-4170-90AB-A45A9ED081E1}.Release|Any CPU.ActiveCfg = Release|Any CPU
		{90ECCFEB-F154-4170-90AB-A45A9ED081E1}.Release|Any CPU.Build.0 = Release|Any CPU
	EndGlobalSection
	GlobalSection(SolutionProperties) = preSolution
		HideSolutionNode = FALSE
	EndGlobalSection
	GlobalSection(ExtensibilityGlobals) = postSolution
		SolutionGuid = {FCDFCD1A-D9C5-4460-9BC4-3EDD4A0D38A6}
	EndGlobalSection
EndGlobal
